
Microsoft Visual Studio Solution File, Format Version 12.00
# Visual Studio 15
VisualStudioVersion = 15.0.27130.2024
MinimumVisualStudioVersion = 10.0.40219.1
Project("{FAE04EC0-301F-11D3-BF4B-00C04F79EFBC}") = "CMPT291Project", "CMPT291Project\CMPT291Project.csproj", "{92CD64F2-7D7E-49F8-ADCA-8B13DA239797}"
EndProject
Global
	GlobalSection(SolutionConfigurationPlatforms) = preSolution
		Debug|Any CPU = Debug|Any CPU
		Release|Any CPU = Release|Any CPU
	EndGlobalSection
	GlobalSection(ProjectConfigurationPlatforms) = postSolution
		{92CD64F2-7D7E-49F8-ADCA-8B13DA239797}.Debug|Any CPU.ActiveCfg = Debug|Any CPU
		{92CD64F2-7D7E-49F8-ADCA-8B13DA239797}.Debug|Any CPU.Build.0 = Debug|Any CPU
		{92CD64F2-7D7E-49F8-ADCA-8B13DA239797}.Release|Any CPU.ActiveCfg = Release|Any CPU
		{92CD64F2-7D7E-49F8-ADCA-8B13DA239797}.Release|Any CPU.Build.0 = Release|Any CPU
	EndGlobalSection
	GlobalSection(SolutionProperties) = preSolution
		HideSolutionNode = FALSE
	EndGlobalSection
	GlobalSection(ExtensibilityGlobals) = postSolution
		SolutionGuid = {4115291B-ABB7-405F-8D6E-BE8AF36288AD}
	EndGlobalSection
EndGlobal
